
Microsoft Visual Studio Solution File, Format Version 12.00
# Visual Studio 15
VisualStudioVersion = 15.0.26730.15
MinimumVisualStudioVersion = 10.0.40219.1
Project("{9A19103F-16F7-4668-BE54-9A1E7A4F7556}") = "LeetCode", "LeetCode\LeetCode.csproj", "{D7429F26-6419-4293-9E3B-17699BCC7637}"
EndProject
Project("{9A19103F-16F7-4668-BE54-9A1E7A4F7556}") = "AlgoTest", "AlgoTest\AlgoTest.csproj", "{4B54391F-60AC-45CC-9FE0-359FF8819FC7}"
EndProject
Project("{FAE04EC0-301F-11D3-BF4B-00C04F79EFBC}") = "ThycoticTest", "ThycoticTest\ThycoticTest.csproj", "{426E3B86-5AC5-42A7-A540-65DFE538D252}"
EndProject
Project("{FAE04EC0-301F-11D3-BF4B-00C04F79EFBC}") = "Hackerank", "Hackerange\Hackerank.csproj", "{1A08FDCD-D305-4A62-A467-8980335F17B2}"
EndProject
Project("{FAE04EC0-301F-11D3-BF4B-00C04F79EFBC}") = "GeekForGeek", "GeekForGeek\GeekForGeek.csproj", "{4C2AD0D5-680A-43AB-95F1-CFF941BBDFC7}"
EndProject
Project("{FAE04EC0-301F-11D3-BF4B-00C04F79EFBC}") = "SortedWord", "SortedWord\SortedWord.csproj", "{8160BE9C-8F25-4EC3-8AF1-FA9BC2967B56}"
EndProject
Project("{FAE04EC0-301F-11D3-BF4B-00C04F79EFBC}") = "SortWord.Test", "SortWord.Test\SortWord.Test.csproj", "{C8CAB278-D1B0-44DF-B0E4-23F6D88DD4EE}"
EndProject
Project("{FAE04EC0-301F-11D3-BF4B-00C04F79EFBC}") = "SortWord.Wpf", "SortWord.Wpf\SortWord.Wpf.csproj", "{E5A5A6CB-BAD7-4437-8F64-5FAC77B876E8}"
EndProject
Global
	GlobalSection(SolutionConfigurationPlatforms) = preSolution
		Debug|Any CPU = Debug|Any CPU
		Release|Any CPU = Release|Any CPU
	EndGlobalSection
	GlobalSection(ProjectConfigurationPlatforms) = postSolution
		{D7429F26-6419-4293-9E3B-17699BCC7637}.Debug|Any CPU.ActiveCfg = Debug|Any CPU
		{D7429F26-6419-4293-9E3B-17699BCC7637}.Debug|Any CPU.Build.0 = Debug|Any CPU
		{D7429F26-6419-4293-9E3B-17699BCC7637}.Release|Any CPU.ActiveCfg = Release|Any CPU
		{D7429F26-6419-4293-9E3B-17699BCC7637}.Release|Any CPU.Build.0 = Release|Any CPU
		{4B54391F-60AC-45CC-9FE0-359FF8819FC7}.Debug|Any CPU.ActiveCfg = Debug|Any CPU
		{4B54391F-60AC-45CC-9FE0-359FF8819FC7}.Debug|Any CPU.Build.0 = Debug|Any CPU
		{4B54391F-60AC-45CC-9FE0-359FF8819FC7}.Release|Any CPU.ActiveCfg = Release|Any CPU
		{4B54391F-60AC-45CC-9FE0-359FF8819FC7}.Release|Any CPU.Build.0 = Release|Any CPU
		{426E3B86-5AC5-42A7-A540-65DFE538D252}.Debug|Any CPU.ActiveCfg = Debug|Any CPU
		{426E3B86-5AC5-42A7-A540-65DFE538D252}.Debug|Any CPU.Build.0 = Debug|Any CPU
		{426E3B86-5AC5-42A7-A540-65DFE538D252}.Release|Any CPU.ActiveCfg = Release|Any CPU
		{426E3B86-5AC5-42A7-A540-65DFE538D252}.Release|Any CPU.Build.0 = Release|Any CPU
		{1A08FDCD-D305-4A62-A467-8980335F17B2}.Debug|Any CPU.ActiveCfg = Debug|Any CPU
		{1A08FDCD-D305-4A62-A467-8980335F17B2}.Debug|Any CPU.Build.0 = Debug|Any CPU
		{1A08FDCD-D305-4A62-A467-8980335F17B2}.Release|Any CPU.ActiveCfg = Release|Any CPU
		{1A08FDCD-D305-4A62-A467-8980335F17B2}.Release|Any CPU.Build.0 = Release|Any CPU
		{4C2AD0D5-680A-43AB-95F1-CFF941BBDFC7}.Debug|Any CPU.ActiveCfg = Debug|Any CPU
		{4C2AD0D5-680A-43AB-95F1-CFF941BBDFC7}.Debug|Any CPU.Build.0 = Debug|Any CPU
		{4C2AD0D5-680A-43AB-95F1-CFF941BBDFC7}.Release|Any CPU.ActiveCfg = Release|Any CPU
		{4C2AD0D5-680A-43AB-95F1-CFF941BBDFC7}.Release|Any CPU.Build.0 = Release|Any CPU
		{8160BE9C-8F25-4EC3-8AF1-FA9BC2967B56}.Debug|Any CPU.ActiveCfg = Debug|Any CPU
		{8160BE9C-8F25-4EC3-8AF1-FA9BC2967B56}.Debug|Any CPU.Build.0 = Debug|Any CPU
		{8160BE9C-8F25-4EC3-8AF1-FA9BC2967B56}.Release|Any CPU.ActiveCfg = Release|Any CPU
		{8160BE9C-8F25-4EC3-8AF1-FA9BC2967B56}.Release|Any CPU.Build.0 = Release|Any CPU
		{C8CAB278-D1B0-44DF-B0E4-23F6D88DD4EE}.Debug|Any CPU.ActiveCfg = Debug|Any CPU
		{C8CAB278-D1B0-44DF-B0E4-23F6D88DD4EE}.Debug|Any CPU.Build.0 = Debug|Any CPU
		{C8CAB278-D1B0-44DF-B0E4-23F6D88DD4EE}.Release|Any CPU.ActiveCfg = Release|Any CPU
		{C8CAB278-D1B0-44DF-B0E4-23F6D88DD4EE}.Release|Any CPU.Build.0 = Release|Any CPU
		{E5A5A6CB-BAD7-4437-8F64-5FAC77B876E8}.Debug|Any CPU.ActiveCfg = Debug|Any CPU
		{E5A5A6CB-BAD7-4437-8F64-5FAC77B876E8}.Debug|Any CPU.Build.0 = Debug|Any CPU
		{E5A5A6CB-BAD7-4437-8F64-5FAC77B876E8}.Release|Any CPU.ActiveCfg = Release|Any CPU
		{E5A5A6CB-BAD7-4437-8F64-5FAC77B876E8}.Release|Any CPU.Build.0 = Release|Any CPU
	EndGlobalSection
	GlobalSection(SolutionProperties) = preSolution
		HideSolutionNode = FALSE
	EndGlobalSection
	GlobalSection(ExtensibilityGlobals) = postSolution
		SolutionGuid = {AD83E1BB-0914-453E-8ED2-72ACA2933D8B}
	EndGlobalSection
EndGlobal
